// !$*UTF8*$!
{
	archiveVersion = 1;
	classes = {
	};
	objectVersion = 56;
	objects = {

/* Begin PBXBuildFile section */
		921827662B136674002750DA /* CurrentAltitude.cpp in Sources */ = {isa = PBXBuildFile; fileRef = 921827642B136674002750DA /* CurrentAltitude.cpp */; };
		9218276A2B136F42002750DA /* TargetAltitude.cpp in Sources */ = {isa = PBXBuildFile; fileRef = 921827692B136F41002750DA /* TargetAltitude.cpp */; };
		9218276C2B1374FE002750DA /* Aircraft.cpp in Sources */ = {isa = PBXBuildFile; fileRef = 9218276B2B1374FE002750DA /* Aircraft.cpp */; };
		92D20B772B11F3A200F7DAFB /* main.cpp in Sources */ = {isa = PBXBuildFile; fileRef = 92D20B762B11F3A200F7DAFB /* main.cpp */; };
/* End PBXBuildFile section */

/* Begin PBXCopyFilesBuildPhase section */
		92D20B712B11F3A200F7DAFB /* CopyFiles */ = {
			isa = PBXCopyFilesBuildPhase;
			buildActionMask = 2147483647;
			dstPath = /usr/share/man/man1/;
			dstSubfolderSpec = 0;
			files = (
			);
			runOnlyForDeploymentPostprocessing = 1;
		};
/* End PBXCopyFilesBuildPhase section */

/* Begin PBXFileReference section */
		921827642B136674002750DA /* CurrentAltitude.cpp */ = {isa = PBXFileReference; lastKnownFileType = sourcecode.cpp.cpp; path = CurrentAltitude.cpp; sourceTree = "<group>"; };
		921827672B1366E7002750DA /* CurrentAltitude.h */ = {isa = PBXFileReference; lastKnownFileType = sourcecode.c.h; path = CurrentAltitude.h; sourceTree = "<group>"; };
		921827682B136F15002750DA /* TargetAltitude.h */ = {isa = PBXFileReference; lastKnownFileType = sourcecode.c.h; path = TargetAltitude.h; sourceTree = "<group>"; };
		921827692B136F41002750DA /* TargetAltitude.cpp */ = {isa = PBXFileReference; lastKnownFileType = sourcecode.cpp.cpp; path = TargetAltitude.cpp; sourceTree = "<group>"; };
		9218276B2B1374FE002750DA /* Aircraft.cpp */ = {isa = PBXFileReference; lastKnownFileType = sourcecode.cpp.cpp; path = Aircraft.cpp; sourceTree = "<group>"; };
		9218276D2B137514002750DA /* Aircraft.h */ = {isa = PBXFileReference; lastKnownFileType = sourcecode.c.h; path = Aircraft.h; sourceTree = "<group>"; };
		92D20B732B11F3A200F7DAFB /* DomainPrimitive */ = {isa = PBXFileReference; explicitFileType = "compiled.mach-o.executable"; includeInIndex = 0; path = DomainPrimitive; sourceTree = BUILT_PRODUCTS_DIR; };
		92D20B762B11F3A200F7DAFB /* main.cpp */ = {isa = PBXFileReference; lastKnownFileType = sourcecode.cpp.cpp; path = main.cpp; sourceTree = "<group>"; };
		92D20B7D2B120F5E00F7DAFB /* StrongType.h */ = {isa = PBXFileReference; fileEncoding = 4; lastKnownFileType = sourcecode.c.h; name = StrongType.h; path = skills/StrongType.h; sourceTree = "<group>"; };
		92D20B7E2B120FF300F7DAFB /* Addable.h */ = {isa = PBXFileReference; lastKnownFileType = sourcecode.c.h; name = Addable.h; path = skills/Addable.h; sourceTree = "<group>"; };
		92D20B7F2B12122400F7DAFB /* Printable.h */ = {isa = PBXFileReference; lastKnownFileType = sourcecode.c.h; name = Printable.h; path = skills/Printable.h; sourceTree = "<group>"; };
		92D20B802B12139300F7DAFB /* Distance.h */ = {isa = PBXFileReference; lastKnownFileType = sourcecode.c.h; name = Distance.h; path = units/Distance.h; sourceTree = "<group>"; };
		92D20B812B1213B300F7DAFB /* Meter.h */ = {isa = PBXFileReference; lastKnownFileType = sourcecode.c.h; name = Meter.h; path = units/Meter.h; sourceTree = "<group>"; };
		92D20B822B121D3E00F7DAFB /* Swappable.h */ = {isa = PBXFileReference; lastKnownFileType = sourcecode.c.h; name = Swappable.h; path = skills/Swappable.h; sourceTree = "<group>"; };
		92D20B832B1223E400F7DAFB /* Kirometer.h */ = {isa = PBXFileReference; lastKnownFileType = sourcecode.c.h; name = Kirometer.h; path = units/Kirometer.h; sourceTree = "<group>"; };
		92D20B842B12264E00F7DAFB /* Feet.h */ = {isa = PBXFileReference; lastKnownFileType = sourcecode.c.h; name = Feet.h; path = units/Feet.h; sourceTree = "<group>"; };
		92D20B852B12268A00F7DAFB /* NM.h */ = {isa = PBXFileReference; lastKnownFileType = sourcecode.c.h; name = NM.h; path = units/NM.h; sourceTree = "<group>"; };
		92D20B862B1226CD00F7DAFB /* Mile.h */ = {isa = PBXFileReference; lastKnownFileType = sourcecode.c.h; name = Mile.h; path = units/Mile.h; sourceTree = "<group>"; };
		92D20B872B12286100F7DAFB /* Subtractable.h */ = {isa = PBXFileReference; lastKnownFileType = sourcecode.c.h; name = Subtractable.h; path = skills/Subtractable.h; sourceTree = "<group>"; };
		92D20B892B12295B00F7DAFB /* Multipliable.h */ = {isa = PBXFileReference; lastKnownFileType = sourcecode.c.h; name = Multipliable.h; path = skills/Multipliable.h; sourceTree = "<group>"; };
		92D20B8A2B12299500F7DAFB /* Dividable.h */ = {isa = PBXFileReference; lastKnownFileType = sourcecode.c.h; name = Dividable.h; path = skills/Dividable.h; sourceTree = "<group>"; };
		92D20B8B2B12304400F7DAFB /* MultipliableWithNumber.h */ = {isa = PBXFileReference; lastKnownFileType = sourcecode.c.h; name = MultipliableWithNumber.h; path = skills/MultipliableWithNumber.h; sourceTree = "<group>"; };
/* End PBXFileReference section */

/* Begin PBXFrameworksBuildPhase section */
		92D20B702B11F3A200F7DAFB /* Frameworks */ = {
			isa = PBXFrameworksBuildPhase;
			buildActionMask = 2147483647;
			files = (
			);
			runOnlyForDeploymentPostprocessing = 0;
		};
/* End PBXFrameworksBuildPhase section */

/* Begin PBXGroup section */
		92D20B6A2B11F3A200F7DAFB = {
			isa = PBXGroup;
			children = (
				92D20B752B11F3A200F7DAFB /* DomainPrimitive */,
				92D20B742B11F3A200F7DAFB /* Products */,
			);
			sourceTree = "<group>";
		};
		92D20B742B11F3A200F7DAFB /* Products */ = {
			isa = PBXGroup;
			children = (
				92D20B732B11F3A200F7DAFB /* DomainPrimitive */,
			);
			name = Products;
			sourceTree = "<group>";
		};
		92D20B752B11F3A200F7DAFB /* DomainPrimitive */ = {
			isa = PBXGroup;
			children = (
				92D20B7D2B120F5E00F7DAFB /* StrongType.h */,
				92D20B762B11F3A200F7DAFB /* main.cpp */,
				92D20B7E2B120FF300F7DAFB /* Addable.h */,
				92D20B7F2B12122400F7DAFB /* Printable.h */,
				92D20B802B12139300F7DAFB /* Distance.h */,
				92D20B812B1213B300F7DAFB /* Meter.h */,
				92D20B822B121D3E00F7DAFB /* Swappable.h */,
				92D20B832B1223E400F7DAFB /* Kirometer.h */,
				92D20B842B12264E00F7DAFB /* Feet.h */,
				92D20B852B12268A00F7DAFB /* NM.h */,
				92D20B862B1226CD00F7DAFB /* Mile.h */,
				92D20B872B12286100F7DAFB /* Subtractable.h */,
				92D20B892B12295B00F7DAFB /* Multipliable.h */,
				92D20B8A2B12299500F7DAFB /* Dividable.h */,
				92D20B8B2B12304400F7DAFB /* MultipliableWithNumber.h */,
				921827642B136674002750DA /* CurrentAltitude.cpp */,
				921827672B1366E7002750DA /* CurrentAltitude.h */,
				921827682B136F15002750DA /* TargetAltitude.h */,
				921827692B136F41002750DA /* TargetAltitude.cpp */,
				9218276B2B1374FE002750DA /* Aircraft.cpp */,
				9218276D2B137514002750DA /* Aircraft.h */,
			);
			path = DomainPrimitive;
			sourceTree = "<group>";
		};
/* End PBXGroup section */

/* Begin PBXNativeTarget section */
		92D20B722B11F3A200F7DAFB /* DomainPrimitive */ = {
			isa = PBXNativeTarget;
			buildConfigurationList = 92D20B7A2B11F3A200F7DAFB /* Build configuration list for PBXNativeTarget "DomainPrimitive" */;
			buildPhases = (
				92D20B6F2B11F3A200F7DAFB /* Sources */,
				92D20B702B11F3A200F7DAFB /* Frameworks */,
				92D20B712B11F3A200F7DAFB /* CopyFiles */,
			);
			buildRules = (
			);
			dependencies = (
			);
			name = DomainPrimitive;
			productName = DomainPrimitive;
			productReference = 92D20B732B11F3A200F7DAFB /* DomainPrimitive */;
			productType = "com.apple.product-type.tool";
		};
/* End PBXNativeTarget section */

/* Begin PBXProject section */
		92D20B6B2B11F3A200F7DAFB /* Project object */ = {
			isa = PBXProject;
			attributes = {
				BuildIndependentTargetsInParallel = 1;
				LastUpgradeCheck = 1500;
				TargetAttributes = {
					92D20B722B11F3A200F7DAFB = {
						CreatedOnToolsVersion = 15.0.1;
					};
				};
			};
			buildConfigurationList = 92D20B6E2B11F3A200F7DAFB /* Build configuration list for PBXProject "DomainPrimitive" */;
			compatibilityVersion = "Xcode 14.0";
			developmentRegion = en;
			hasScannedForEncodings = 0;
			knownRegions = (
				en,
				Base,
			);
			mainGroup = 92D20B6A2B11F3A200F7DAFB;
			productRefGroup = 92D20B742B11F3A200F7DAFB /* Products */;
			projectDirPath = "";
			projectRoot = "";
			targets = (
				92D20B722B11F3A200F7DAFB /* DomainPrimitive */,
			);
		};
/* End PBXProject section */

/* Begin PBXSourcesBuildPhase section */
		92D20B6F2B11F3A200F7DAFB /* Sources */ = {
			isa = PBXSourcesBuildPhase;
			buildActionMask = 2147483647;
			files = (
				92D20B772B11F3A200F7DAFB /* main.cpp in Sources */,
				9218276C2B1374FE002750DA /* Aircraft.cpp in Sources */,
				921827662B136674002750DA /* CurrentAltitude.cpp in Sources */,
				9218276A2B136F42002750DA /* TargetAltitude.cpp in Sources */,
			);
			runOnlyForDeploymentPostprocessing = 0;
		};
/* End PBXSourcesBuildPhase section */

/* Begin XCBuildConfiguration section */
		92D20B782B11F3A200F7DAFB /* Debug */ = {
			isa = XCBuildConfiguration;
			buildSettings = {
				ALWAYS_SEARCH_USER_PATHS = NO;
				ASSETCATALOG_COMPILER_GENERATE_SWIFT_ASSET_SYMBOL_EXTENSIONS = YES;
				CLANG_ANALYZER_NONNULL = YES;
				CLANG_ANALYZER_NUMBER_OBJECT_CONVERSION = YES_AGGRESSIVE;
				CLANG_CXX_LANGUAGE_STANDARD = "gnu++20";
				CLANG_ENABLE_MODULES = YES;
				CLANG_ENABLE_OBJC_ARC = YES;
				CLANG_ENABLE_OBJC_WEAK = YES;
				CLANG_WARN_BLOCK_CAPTURE_AUTORELEASING = YES;
				CLANG_WARN_BOOL_CONVERSION = YES;
				CLANG_WARN_COMMA = YES;
				CLANG_WARN_CONSTANT_CONVERSION = YES;
				CLANG_WARN_DEPRECATED_OBJC_IMPLEMENTATIONS = YES;
				CLANG_WARN_DIRECT_OBJC_ISA_USAGE = YES_ERROR;
				CLANG_WARN_DOCUMENTATION_COMMENTS = YES;
				CLANG_WARN_EMPTY_BODY = YES;
				CLANG_WARN_ENUM_CONVERSION = YES;
				CLANG_WARN_INFINITE_RECURSION = YES;
				CLANG_WARN_INT_CONVERSION = YES;
				CLANG_WARN_NON_LITERAL_NULL_CONVERSION = YES;
				CLANG_WARN_OBJC_IMPLICIT_RETAIN_SELF = YES;
				CLANG_WARN_OBJC_LITERAL_CONVERSION = YES;
				CLANG_WARN_OBJC_ROOT_CLASS = YES_ERROR;
				CLANG_WARN_QUOTED_INCLUDE_IN_FRAMEWORK_HEADER = YES;
				CLANG_WARN_RANGE_LOOP_ANALYSIS = YES;
				CLANG_WARN_STRICT_PROTOTYPES = YES;
				CLANG_WARN_SUSPICIOUS_MOVE = YES;
				CLANG_WARN_UNGUARDED_AVAILABILITY = YES_AGGRESSIVE;
				CLANG_WARN_UNREACHABLE_CODE = YES;
				CLANG_WARN__DUPLICATE_METHOD_MATCH = YES;
				COPY_PHASE_STRIP = NO;
				DEBUG_INFORMATION_FORMAT = dwarf;
				ENABLE_STRICT_OBJC_MSGSEND = YES;
				ENABLE_TESTABILITY = YES;
				ENABLE_USER_SCRIPT_SANDBOXING = YES;
				GCC_C_LANGUAGE_STANDARD = gnu17;
				GCC_DYNAMIC_NO_PIC = NO;
				GCC_NO_COMMON_BLOCKS = YES;
				GCC_OPTIMIZATION_LEVEL = 0;
				GCC_PREPROCESSOR_DEFINITIONS = (
					"DEBUG=1",
					"$(inherited)",
				);
				GCC_WARN_64_TO_32_BIT_CONVERSION = YES;
				GCC_WARN_ABOUT_RETURN_TYPE = YES_ERROR;
				GCC_WARN_UNDECLARED_SELECTOR = YES;
				GCC_WARN_UNINITIALIZED_AUTOS = YES_AGGRESSIVE;
				GCC_WARN_UNUSED_FUNCTION = YES;
				GCC_WARN_UNUSED_VARIABLE = YES;
				LOCALIZATION_PREFERS_STRING_CATALOGS = YES;
				MACOSX_DEPLOYMENT_TARGET = 13.6;
				MTL_ENABLE_DEBUG_INFO = INCLUDE_SOURCE;
				MTL_FAST_MATH = YES;
				ONLY_ACTIVE_ARCH = YES;
				SDKROOT = macosx;
			};
			name = Debug;
		};
		92D20B792B11F3A200F7DAFB /* Release */ = {
			isa = XCBuildConfiguration;
			buildSettings = {
				ALWAYS_SEARCH_USER_PATHS = NO;
				ASSETCATALOG_COMPILER_GENERATE_SWIFT_ASSET_SYMBOL_EXTENSIONS = YES;
				CLANG_ANALYZER_NONNULL = YES;
				CLANG_ANALYZER_NUMBER_OBJECT_CONVERSION = YES_AGGRESSIVE;
				CLANG_CXX_LANGUAGE_STANDARD = "gnu++20";
				CLANG_ENABLE_MODULES = YES;
				CLANG_ENABLE_OBJC_ARC = YES;
				CLANG_ENABLE_OBJC_WEAK = YES;
				CLANG_WARN_BLOCK_CAPTURE_AUTORELEASING = YES;
				CLANG_WARN_BOOL_CONVERSION = YES;
				CLANG_WARN_COMMA = YES;
				CLANG_WARN_CONSTANT_CONVERSION = YES;
				CLANG_WARN_DEPRECATED_OBJC_IMPLEMENTATIONS = YES;
				CLANG_WARN_DIRECT_OBJC_ISA_USAGE = YES_ERROR;
				CLANG_WARN_DOCUMENTATION_COMMENTS = YES;
				CLANG_WARN_EMPTY_BODY = YES;
				CLANG_WARN_ENUM_CONVERSION = YES;
				CLANG_WARN_INFINITE_RECURSION = YES;
				CLANG_WARN_INT_CONVERSION = YES;
				CLANG_WARN_NON_LITERAL_NULL_CONVERSION = YES;
				CLANG_WARN_OBJC_IMPLICIT_RETAIN_SELF = YES;
				CLANG_WARN_OBJC_LITERAL_CONVERSION = YES;
				CLANG_WARN_OBJC_ROOT_CLASS = YES_ERROR;
				CLANG_WARN_QUOTED_INCLUDE_IN_FRAMEWORK_HEADER = YES;
				CLANG_WARN_RANGE_LOOP_ANALYSIS = YES;
				CLANG_WARN_STRICT_PROTOTYPES = YES;
				CLANG_WARN_SUSPICIOUS_MOVE = YES;
				CLANG_WARN_UNGUARDED_AVAILABILITY = YES_AGGRESSIVE;
				CLANG_WARN_UNREACHABLE_CODE = YES;
				CLANG_WARN__DUPLICATE_METHOD_MATCH = YES;
				COPY_PHASE_STRIP = NO;
				DEBUG_INFORMATION_FORMAT = "dwarf-with-dsym";
				ENABLE_NS_ASSERTIONS = NO;
				ENABLE_STRICT_OBJC_MSGSEND = YES;
				ENABLE_USER_SCRIPT_SANDBOXING = YES;
				GCC_C_LANGUAGE_STANDARD = gnu17;
				GCC_NO_COMMON_BLOCKS = YES;
				GCC_WARN_64_TO_32_BIT_CONVERSION = YES;
				GCC_WARN_ABOUT_RETURN_TYPE = YES_ERROR;
				GCC_WARN_UNDECLARED_SELECTOR = YES;
				GCC_WARN_UNINITIALIZED_AUTOS = YES_AGGRESSIVE;
				GCC_WARN_UNUSED_FUNCTION = YES;
				GCC_WARN_UNUSED_VARIABLE = YES;
				LOCALIZATION_PREFERS_STRING_CATALOGS = YES;
				MACOSX_DEPLOYMENT_TARGET = 13.6;
				MTL_ENABLE_DEBUG_INFO = NO;
				MTL_FAST_MATH = YES;
				SDKROOT = macosx;
			};
			name = Release;
		};
		92D20B7B2B11F3A200F7DAFB /* Debug */ = {
			isa = XCBuildConfiguration;
			buildSettings = {
				CODE_SIGN_STYLE = Automatic;
				PRODUCT_NAME = "$(TARGET_NAME)";
			};
			name = Debug;
		};
		92D20B7C2B11F3A200F7DAFB /* Release */ = {
			isa = XCBuildConfiguration;
			buildSettings = {
				CODE_SIGN_STYLE = Automatic;
				PRODUCT_NAME = "$(TARGET_NAME)";
			};
			name = Release;
		};
/* End XCBuildConfiguration section */

/* Begin XCConfigurationList section */
		92D20B6E2B11F3A200F7DAFB /* Build configuration list for PBXProject "DomainPrimitive" */ = {
			isa = XCConfigurationList;
			buildConfigurations = (
				92D20B782B11F3A200F7DAFB /* Debug */,
				92D20B792B11F3A200F7DAFB /* Release */,
			);
			defaultConfigurationIsVisible = 0;
			defaultConfigurationName = Release;
		};
		92D20B7A2B11F3A200F7DAFB /* Build configuration list for PBXNativeTarget "DomainPrimitive" */ = {
			isa = XCConfigurationList;
			buildConfigurations = (
				92D20B7B2B11F3A200F7DAFB /* Debug */,
				92D20B7C2B11F3A200F7DAFB /* Release */,
			);
			defaultConfigurationIsVisible = 0;
			defaultConfigurationName = Release;
		};
/* End XCConfigurationList section */
	};
	rootObject = 92D20B6B2B11F3A200F7DAFB /* Project object */;
}
